
Microsoft Visual Studio Solution File, Format Version 12.00
# Visual Studio Version 16
VisualStudioVersion = 16.0.29009.5
MinimumVisualStudioVersion = 10.0.40219.1
Project("{FAE04EC0-301F-11D3-BF4B-00C04F79EFBC}") = "Canada2DCode", "Canada2DCode\Canada2DCode.csproj", "{9A583BD6-2E85-4E86-B887-56A9A5784223}"
EndProject
Global
	GlobalSection(SolutionConfigurationPlatforms) = preSolution
		Debug|Any CPU = Debug|Any CPU
		Release|Any CPU = Release|Any CPU
	EndGlobalSection
	GlobalSection(ProjectConfigurationPlatforms) = postSolution
		{9A583BD6-2E85-4E86-B887-56A9A5784223}.Debug|Any CPU.ActiveCfg = Debug|Any CPU
		{9A583BD6-2E85-4E86-B887-56A9A5784223}.Debug|Any CPU.Build.0 = Debug|Any CPU
		{9A583BD6-2E85-4E86-B887-56A9A5784223}.Release|Any CPU.ActiveCfg = Release|Any CPU
		{9A583BD6-2E85-4E86-B887-56A9A5784223}.Release|Any CPU.Build.0 = Release|Any CPU
	EndGlobalSection
	GlobalSection(SolutionProperties) = preSolution
		HideSolutionNode = FALSE
	EndGlobalSection
	GlobalSection(ExtensibilityGlobals) = postSolution
		SolutionGuid = {82D74667-6135-476D-99E3-50F3AFCBB200}
	EndGlobalSection
EndGlobal
